
Microsoft Visual Studio Solution File, Format Version 12.00
Project("{FAE04EC0-301F-11D3-BF4B-00C04F79EFBC}") = "HomeWork4", "HomeWork4\HomeWork4.csproj", "{C1C4EE2A-3F4B-446F-AD82-AABFB996133E}"
EndProject
Project("{FAE04EC0-301F-11D3-BF4B-00C04F79EFBC}") = "TestHomeWork4", "TestHomeWork4\TestHomeWork4.csproj", "{E1E2A15A-0D46-42C8-96B9-F080459C29DF}"
EndProject
Global
	GlobalSection(SolutionConfigurationPlatforms) = preSolution
		Debug|Any CPU = Debug|Any CPU
		Release|Any CPU = Release|Any CPU
	EndGlobalSection
	GlobalSection(ProjectConfigurationPlatforms) = postSolution
		{C1C4EE2A-3F4B-446F-AD82-AABFB996133E}.Debug|Any CPU.ActiveCfg = Debug|Any CPU
		{C1C4EE2A-3F4B-446F-AD82-AABFB996133E}.Debug|Any CPU.Build.0 = Debug|Any CPU
		{C1C4EE2A-3F4B-446F-AD82-AABFB996133E}.Release|Any CPU.ActiveCfg = Release|Any CPU
		{C1C4EE2A-3F4B-446F-AD82-AABFB996133E}.Release|Any CPU.Build.0 = Release|Any CPU
		{E1E2A15A-0D46-42C8-96B9-F080459C29DF}.Debug|Any CPU.ActiveCfg = Debug|Any CPU
		{E1E2A15A-0D46-42C8-96B9-F080459C29DF}.Debug|Any CPU.Build.0 = Debug|Any CPU
		{E1E2A15A-0D46-42C8-96B9-F080459C29DF}.Release|Any CPU.ActiveCfg = Release|Any CPU
		{E1E2A15A-0D46-42C8-96B9-F080459C29DF}.Release|Any CPU.Build.0 = Release|Any CPU
	EndGlobalSection
EndGlobal
